
Microsoft Visual Studio Solution File, Format Version 12.00
# Visual Studio Version 16
VisualStudioVersion = 16.0.30611.23
MinimumVisualStudioVersion = 10.0.40219.1
Project("{FAE04EC0-301F-11D3-BF4B-00C04F79EFBC}") = "TurntablTowers", "TurntablTowers.csproj", "{1218677B-041D-4B54-B82B-94CAA481A79C}"
EndProject
Global
	GlobalSection(SolutionConfigurationPlatforms) = preSolution
		Debug|Any CPU = Debug|Any CPU
		Release|Any CPU = Release|Any CPU
	EndGlobalSection
	GlobalSection(ProjectConfigurationPlatforms) = postSolution
		{1218677B-041D-4B54-B82B-94CAA481A79C}.Debug|Any CPU.ActiveCfg = Debug|Any CPU
		{1218677B-041D-4B54-B82B-94CAA481A79C}.Debug|Any CPU.Build.0 = Debug|Any CPU
		{1218677B-041D-4B54-B82B-94CAA481A79C}.Release|Any CPU.ActiveCfg = Release|Any CPU
		{1218677B-041D-4B54-B82B-94CAA481A79C}.Release|Any CPU.Build.0 = Release|Any CPU
	EndGlobalSection
	GlobalSection(SolutionProperties) = preSolution
		HideSolutionNode = FALSE
	EndGlobalSection
	GlobalSection(ExtensibilityGlobals) = postSolution
		SolutionGuid = {7CEFC9C9-D712-46C6-899A-5EB44A19B6E4}
	EndGlobalSection
EndGlobal
